
Microsoft Visual Studio Solution File, Format Version 12.00
# Visual Studio Version 17
VisualStudioVersion = 17.10.35027.167
MinimumVisualStudioVersion = 10.0.40219.1
Project("{9A19103F-16F7-4668-BE54-9A1E7A4F7556}") = "SampleApp", "SampleApp\SampleApp.csproj", "{F4946728-0216-4997-925C-100FDF53F06F}"
EndProject
Project("{9A19103F-16F7-4668-BE54-9A1E7A4F7556}") = "Core.ServiceMesh", "Core.ServiceMesh\Core.ServiceMesh.csproj", "{C3FBC37C-24D2-42A8-A30E-77EB31E5D1B4}"
EndProject
Project("{9A19103F-16F7-4668-BE54-9A1E7A4F7556}") = "Core.ServiceMesh.Abstractions", "Core.ServiceMesh.Abstractions\Core.ServiceMesh.Abstractions.csproj", "{78C47DE6-A952-4CEF-834F-FECA130A3C30}"
EndProject
Project("{9A19103F-16F7-4668-BE54-9A1E7A4F7556}") = "SampleInterfaces", "SampleInterfaces\SampleInterfaces.csproj", "{C54EB4C1-28CB-47F4-A7D1-533C3D943507}"
EndProject
Project("{9A19103F-16F7-4668-BE54-9A1E7A4F7556}") = "SampleWorker", "SampleWorker\SampleWorker.csproj", "{3E1285C2-DE29-4591-8BE3-5D5684B1AA42}"
EndProject
Project("{FAE04EC0-301F-11D3-BF4B-00C04F79EFBC}") = "Core.ServiceMesh.SourceGen", "Core.ServiceMesh.SourceGen\Core.ServiceMesh.SourceGen.csproj", "{056844CB-F495-48FA-B351-E5F7590E4A17}"
EndProject
Project("{FAE04EC0-301F-11D3-BF4B-00C04F79EFBC}") = "Core.ServiceMesh.SourceGen.Tests", "Core.ServiceMesh.SourceGen.Tests\Core.ServiceMesh.SourceGen.Tests.csproj", "{0A12704F-4653-42B9-B4A5-D31BE66512A4}"
EndProject
Global
	GlobalSection(SolutionConfigurationPlatforms) = preSolution
		Debug|Any CPU = Debug|Any CPU
		Release|Any CPU = Release|Any CPU
	EndGlobalSection
	GlobalSection(ProjectConfigurationPlatforms) = postSolution
		{F4946728-0216-4997-925C-100FDF53F06F}.Debug|Any CPU.ActiveCfg = Debug|Any CPU
		{F4946728-0216-4997-925C-100FDF53F06F}.Debug|Any CPU.Build.0 = Debug|Any CPU
		{F4946728-0216-4997-925C-100FDF53F06F}.Release|Any CPU.ActiveCfg = Release|Any CPU
		{F4946728-0216-4997-925C-100FDF53F06F}.Release|Any CPU.Build.0 = Release|Any CPU
		{C3FBC37C-24D2-42A8-A30E-77EB31E5D1B4}.Debug|Any CPU.ActiveCfg = Debug|Any CPU
		{C3FBC37C-24D2-42A8-A30E-77EB31E5D1B4}.Debug|Any CPU.Build.0 = Debug|Any CPU
		{C3FBC37C-24D2-42A8-A30E-77EB31E5D1B4}.Release|Any CPU.ActiveCfg = Release|Any CPU
		{C3FBC37C-24D2-42A8-A30E-77EB31E5D1B4}.Release|Any CPU.Build.0 = Release|Any CPU
		{78C47DE6-A952-4CEF-834F-FECA130A3C30}.Debug|Any CPU.ActiveCfg = Debug|Any CPU
		{78C47DE6-A952-4CEF-834F-FECA130A3C30}.Debug|Any CPU.Build.0 = Debug|Any CPU
		{78C47DE6-A952-4CEF-834F-FECA130A3C30}.Release|Any CPU.ActiveCfg = Release|Any CPU
		{78C47DE6-A952-4CEF-834F-FECA130A3C30}.Release|Any CPU.Build.0 = Release|Any CPU
		{C54EB4C1-28CB-47F4-A7D1-533C3D943507}.Debug|Any CPU.ActiveCfg = Debug|Any CPU
		{C54EB4C1-28CB-47F4-A7D1-533C3D943507}.Debug|Any CPU.Build.0 = Debug|Any CPU
		{C54EB4C1-28CB-47F4-A7D1-533C3D943507}.Release|Any CPU.ActiveCfg = Release|Any CPU
		{C54EB4C1-28CB-47F4-A7D1-533C3D943507}.Release|Any CPU.Build.0 = Release|Any CPU
		{3E1285C2-DE29-4591-8BE3-5D5684B1AA42}.Debug|Any CPU.ActiveCfg = Debug|Any CPU
		{3E1285C2-DE29-4591-8BE3-5D5684B1AA42}.Debug|Any CPU.Build.0 = Debug|Any CPU
		{3E1285C2-DE29-4591-8BE3-5D5684B1AA42}.Release|Any CPU.ActiveCfg = Release|Any CPU
		{3E1285C2-DE29-4591-8BE3-5D5684B1AA42}.Release|Any CPU.Build.0 = Release|Any CPU
		{056844CB-F495-48FA-B351-E5F7590E4A17}.Debug|Any CPU.ActiveCfg = Debug|Any CPU
		{056844CB-F495-48FA-B351-E5F7590E4A17}.Debug|Any CPU.Build.0 = Debug|Any CPU
		{056844CB-F495-48FA-B351-E5F7590E4A17}.Release|Any CPU.ActiveCfg = Release|Any CPU
		{056844CB-F495-48FA-B351-E5F7590E4A17}.Release|Any CPU.Build.0 = Release|Any CPU
		{0A12704F-4653-42B9-B4A5-D31BE66512A4}.Debug|Any CPU.ActiveCfg = Debug|Any CPU
		{0A12704F-4653-42B9-B4A5-D31BE66512A4}.Debug|Any CPU.Build.0 = Debug|Any CPU
		{0A12704F-4653-42B9-B4A5-D31BE66512A4}.Release|Any CPU.ActiveCfg = Release|Any CPU
		{0A12704F-4653-42B9-B4A5-D31BE66512A4}.Release|Any CPU.Build.0 = Release|Any CPU
	EndGlobalSection
	GlobalSection(SolutionProperties) = preSolution
		HideSolutionNode = FALSE
	EndGlobalSection
	GlobalSection(ExtensibilityGlobals) = postSolution
		SolutionGuid = {B7D4849A-51D6-46E9-BD53-F6A3A481F2CB}
	EndGlobalSection
EndGlobal
